
Microsoft Visual Studio Solution File, Format Version 12.00
# Visual Studio Version 17
VisualStudioVersion = 17.9.34607.119
MinimumVisualStudioVersion = 10.0.40219.1
Project("{FAE04EC0-301F-11D3-BF4B-00C04F79EFBC}") = "Most Common Word", "Most Common Word\Most Common Word.csproj", "{0FFF3927-4607-446D-B316-0EC89721BE6C}"
EndProject
Global
	GlobalSection(SolutionConfigurationPlatforms) = preSolution
		Debug|Any CPU = Debug|Any CPU
		Release|Any CPU = Release|Any CPU
	EndGlobalSection
	GlobalSection(ProjectConfigurationPlatforms) = postSolution
		{0FFF3927-4607-446D-B316-0EC89721BE6C}.Debug|Any CPU.ActiveCfg = Debug|Any CPU
		{0FFF3927-4607-446D-B316-0EC89721BE6C}.Debug|Any CPU.Build.0 = Debug|Any CPU
		{0FFF3927-4607-446D-B316-0EC89721BE6C}.Release|Any CPU.ActiveCfg = Release|Any CPU
		{0FFF3927-4607-446D-B316-0EC89721BE6C}.Release|Any CPU.Build.0 = Release|Any CPU
	EndGlobalSection
	GlobalSection(SolutionProperties) = preSolution
		HideSolutionNode = FALSE
	EndGlobalSection
	GlobalSection(ExtensibilityGlobals) = postSolution
		SolutionGuid = {5628D21D-E73F-4BA2-B665-D75252AFAE63}
	EndGlobalSection
EndGlobal
