
Microsoft Visual Studio Solution File, Format Version 12.00
# Visual Studio Version 17
VisualStudioVersion = 17.9.34607.119
MinimumVisualStudioVersion = 10.0.40219.1
Project("{FAE04EC0-301F-11D3-BF4B-00C04F79EFBC}") = "Domino piling", "Domino piling\Domino piling.csproj", "{BFB6DD8E-08A2-4DE9-9711-E065F488AE8B}"
EndProject
Global
	GlobalSection(SolutionConfigurationPlatforms) = preSolution
		Debug|Any CPU = Debug|Any CPU
		Release|Any CPU = Release|Any CPU
	EndGlobalSection
	GlobalSection(ProjectConfigurationPlatforms) = postSolution
		{BFB6DD8E-08A2-4DE9-9711-E065F488AE8B}.Debug|Any CPU.ActiveCfg = Debug|Any CPU
		{BFB6DD8E-08A2-4DE9-9711-E065F488AE8B}.Debug|Any CPU.Build.0 = Debug|Any CPU
		{BFB6DD8E-08A2-4DE9-9711-E065F488AE8B}.Release|Any CPU.ActiveCfg = Release|Any CPU
		{BFB6DD8E-08A2-4DE9-9711-E065F488AE8B}.Release|Any CPU.Build.0 = Release|Any CPU
	EndGlobalSection
	GlobalSection(SolutionProperties) = preSolution
		HideSolutionNode = FALSE
	EndGlobalSection
	GlobalSection(ExtensibilityGlobals) = postSolution
		SolutionGuid = {9D2FC4F5-1F08-4DED-97B4-E837F6D72A16}
	EndGlobalSection
EndGlobal
