
Microsoft Visual Studio Solution File, Format Version 12.00
# Visual Studio Version 17
VisualStudioVersion = 17.9.34607.119
MinimumVisualStudioVersion = 10.0.40219.1
Project("{FAE04EC0-301F-11D3-BF4B-00C04F79EFBC}") = "Next Round", "Next Round\Next Round.csproj", "{07482104-721B-4A06-9D46-6EEAC143A822}"
EndProject
Global
	GlobalSection(SolutionConfigurationPlatforms) = preSolution
		Debug|Any CPU = Debug|Any CPU
		Release|Any CPU = Release|Any CPU
	EndGlobalSection
	GlobalSection(ProjectConfigurationPlatforms) = postSolution
		{07482104-721B-4A06-9D46-6EEAC143A822}.Debug|Any CPU.ActiveCfg = Debug|Any CPU
		{07482104-721B-4A06-9D46-6EEAC143A822}.Debug|Any CPU.Build.0 = Debug|Any CPU
		{07482104-721B-4A06-9D46-6EEAC143A822}.Release|Any CPU.ActiveCfg = Release|Any CPU
		{07482104-721B-4A06-9D46-6EEAC143A822}.Release|Any CPU.Build.0 = Release|Any CPU
	EndGlobalSection
	GlobalSection(SolutionProperties) = preSolution
		HideSolutionNode = FALSE
	EndGlobalSection
	GlobalSection(ExtensibilityGlobals) = postSolution
		SolutionGuid = {10E2AD18-3579-4080-8DA4-CE5B176FBB94}
	EndGlobalSection
EndGlobal
