
Microsoft Visual Studio Solution File, Format Version 12.00
# Visual Studio Version 17
VisualStudioVersion = 17.9.34607.119
MinimumVisualStudioVersion = 10.0.40219.1
Project("{FAE04EC0-301F-11D3-BF4B-00C04F79EFBC}") = "EIDUPBOD", "EIDUPBOD\EIDUPBOD.csproj", "{339C38CE-0732-4A09-9996-1CA5F1F1C01B}"
EndProject
Global
	GlobalSection(SolutionConfigurationPlatforms) = preSolution
		Debug|Any CPU = Debug|Any CPU
		Release|Any CPU = Release|Any CPU
	EndGlobalSection
	GlobalSection(ProjectConfigurationPlatforms) = postSolution
		{339C38CE-0732-4A09-9996-1CA5F1F1C01B}.Debug|Any CPU.ActiveCfg = Debug|Any CPU
		{339C38CE-0732-4A09-9996-1CA5F1F1C01B}.Debug|Any CPU.Build.0 = Debug|Any CPU
		{339C38CE-0732-4A09-9996-1CA5F1F1C01B}.Release|Any CPU.ActiveCfg = Release|Any CPU
		{339C38CE-0732-4A09-9996-1CA5F1F1C01B}.Release|Any CPU.Build.0 = Release|Any CPU
	EndGlobalSection
	GlobalSection(SolutionProperties) = preSolution
		HideSolutionNode = FALSE
	EndGlobalSection
	GlobalSection(ExtensibilityGlobals) = postSolution
		SolutionGuid = {61A29EB5-8A7F-4A52-9844-79DF3033668B}
	EndGlobalSection
EndGlobal
